// !$*UTF8*$!
{
	archiveVersion = 1;
	classes = {
	};
	objectVersion = 55;
	objects = {

/* Begin PBXBuildFile section */
		073F1790284D0C00004F09EB /* AppDelegate.swift in Sources */ = {isa = PBXBuildFile; fileRef = 073F178F284D0C00004F09EB /* AppDelegate.swift */; };
		073F1792284D0C00004F09EB /* SceneDelegate.swift in Sources */ = {isa = PBXBuildFile; fileRef = 073F1791284D0C00004F09EB /* SceneDelegate.swift */; };
		073F1794284D0C00004F09EB /* ViewController.swift in Sources */ = {isa = PBXBuildFile; fileRef = 073F1793284D0C00004F09EB /* ViewController.swift */; };
		073F1797284D0C00004F09EB /* Main.storyboard in Resources */ = {isa = PBXBuildFile; fileRef = 073F1795284D0C00004F09EB /* Main.storyboard */; };
		073F1799284D0C02004F09EB /* Assets.xcassets in Resources */ = {isa = PBXBuildFile; fileRef = 073F1798284D0C02004F09EB /* Assets.xcassets */; };
		073F179C284D0C02004F09EB /* LaunchScreen.storyboard in Resources */ = {isa = PBXBuildFile; fileRef = 073F179A284D0C02004F09EB /* LaunchScreen.storyboard */; };
		073F17A7284D0C02004F09EB /* NousTests.swift in Sources */ = {isa = PBXBuildFile; fileRef = 073F17A6284D0C02004F09EB /* NousTests.swift */; };
		073F17B1284D0C02004F09EB /* NousUITests.swift in Sources */ = {isa = PBXBuildFile; fileRef = 073F17B0284D0C02004F09EB /* NousUITests.swift */; };
		073F17B3284D0C02004F09EB /* NousUITestsLaunchTests.swift in Sources */ = {isa = PBXBuildFile; fileRef = 073F17B2284D0C02004F09EB /* NousUITestsLaunchTests.swift */; };
		073F17CD284D10E2004F09EB /* MenuItemsRepoMock.swift in Sources */ = {isa = PBXBuildFile; fileRef = 073F17CA284D10E2004F09EB /* MenuItemsRepoMock.swift */; };
		073F17CE284D10E2004F09EB /* MenuItemsRepo.swift in Sources */ = {isa = PBXBuildFile; fileRef = 073F17CB284D10E2004F09EB /* MenuItemsRepo.swift */; };
		073F17CF284D10E2004F09EB /* MenuItemsRepoProtocol.swift in Sources */ = {isa = PBXBuildFile; fileRef = 073F17CC284D10E2004F09EB /* MenuItemsRepoProtocol.swift */; };
		073F17D2284D1103004F09EB /* NOUSAPPTests.swift in Sources */ = {isa = PBXBuildFile; fileRef = 073F17D0284D1102004F09EB /* NOUSAPPTests.swift */; };
		073F17D3284D1103004F09EB /* MenuItemsViewModelTests.swift in Sources */ = {isa = PBXBuildFile; fileRef = 073F17D1284D1103004F09EB /* MenuItemsViewModelTests.swift */; };
		073F17D6284D1113004F09EB /* Email.swift in Sources */ = {isa = PBXBuildFile; fileRef = 073F17D4284D1111004F09EB /* Email.swift */; };
		073F17D7284D1113004F09EB /* Constants.swift in Sources */ = {isa = PBXBuildFile; fileRef = 073F17D5284D1113004F09EB /* Constants.swift */; };
		073F17D9284D1122004F09EB /* MenuItemsViewModel.swift in Sources */ = {isa = PBXBuildFile; fileRef = 073F17D8284D1122004F09EB /* MenuItemsViewModel.swift */; };
		073F17DC284D112F004F09EB /* ImageLoader.swift in Sources */ = {isa = PBXBuildFile; fileRef = 073F17DA284D112E004F09EB /* ImageLoader.swift */; };
		073F17DD284D112F004F09EB /* MenuItemModel.swift in Sources */ = {isa = PBXBuildFile; fileRef = 073F17DB284D112F004F09EB /* MenuItemModel.swift */; };
		073F17E1284D1A4A004F09EB /* HomeCell.xib in Resources */ = {isa = PBXBuildFile; fileRef = 073F17E0284D1A4A004F09EB /* HomeCell.xib */; };
		073F17E3284D1A5B004F09EB /* HomeCell.swift in Sources */ = {isa = PBXBuildFile; fileRef = 073F17E2284D1A5B004F09EB /* HomeCell.swift */; };
		6B4CE00CF5CFC50911D599FB /* Pods_Nous.framework in Frameworks */ = {isa = PBXBuildFile; fileRef = 09E22DB22180DA95205511C4 /* Pods_Nous.framework */; };
		C6BA4F92B2FD54A54BCAFB91 /* Pods_Nous_NousUITests.framework in Frameworks */ = {isa = PBXBuildFile; fileRef = FDF0FB7C7E98D407CB79ED7B /* Pods_Nous_NousUITests.framework */; };
		E601E56B7950978DDD8D0148 /* Pods_NousTests.framework in Frameworks */ = {isa = PBXBuildFile; fileRef = EB064229A647C28A18F4F437 /* Pods_NousTests.framework */; };
/* End PBXBuildFile section */

/* Begin PBXContainerItemProxy section */
		073F17A3284D0C02004F09EB /* PBXContainerItemProxy */ = {
			isa = PBXContainerItemProxy;
			containerPortal = 073F1784284D0C00004F09EB /* Project object */;
			proxyType = 1;
			remoteGlobalIDString = 073F178B284D0C00004F09EB;
			remoteInfo = Nous;
		};
		073F17AD284D0C02004F09EB /* PBXContainerItemProxy */ = {
			isa = PBXContainerItemProxy;
			containerPortal = 073F1784284D0C00004F09EB /* Project object */;
			proxyType = 1;
			remoteGlobalIDString = 073F178B284D0C00004F09EB;
			remoteInfo = Nous;
		};
/* End PBXContainerItemProxy section */

/* Begin PBXFileReference section */
		073F178C284D0C00004F09EB /* Nous.app */ = {isa = PBXFileReference; explicitFileType = wrapper.application; includeInIndex = 0; path = Nous.app; sourceTree = BUILT_PRODUCTS_DIR; };
		073F178F284D0C00004F09EB /* AppDelegate.swift */ = {isa = PBXFileReference; lastKnownFileType = sourcecode.swift; path = AppDelegate.swift; sourceTree = "<group>"; };
		073F1791284D0C00004F09EB /* SceneDelegate.swift */ = {isa = PBXFileReference; lastKnownFileType = sourcecode.swift; path = SceneDelegate.swift; sourceTree = "<group>"; };
		073F1793284D0C00004F09EB /* ViewController.swift */ = {isa = PBXFileReference; lastKnownFileType = sourcecode.swift; path = ViewController.swift; sourceTree = "<group>"; };
		073F1796284D0C00004F09EB /* Base */ = {isa = PBXFileReference; lastKnownFileType = file.storyboard; name = Base; path = Base.lproj/Main.storyboard; sourceTree = "<group>"; };
		073F1798284D0C02004F09EB /* Assets.xcassets */ = {isa = PBXFileReference; lastKnownFileType = folder.assetcatalog; path = Assets.xcassets; sourceTree = "<group>"; };
		073F179B284D0C02004F09EB /* Base */ = {isa = PBXFileReference; lastKnownFileType = file.storyboard; name = Base; path = Base.lproj/LaunchScreen.storyboard; sourceTree = "<group>"; };
		073F179D284D0C02004F09EB /* Info.plist */ = {isa = PBXFileReference; lastKnownFileType = text.plist.xml; path = Info.plist; sourceTree = "<group>"; };
		073F17A2284D0C02004F09EB /* NousTests.xctest */ = {isa = PBXFileReference; explicitFileType = wrapper.cfbundle; includeInIndex = 0; path = NousTests.xctest; sourceTree = BUILT_PRODUCTS_DIR; };
		073F17A6284D0C02004F09EB /* NousTests.swift */ = {isa = PBXFileReference; lastKnownFileType = sourcecode.swift; path = NousTests.swift; sourceTree = "<group>"; };
		073F17AC284D0C02004F09EB /* NousUITests.xctest */ = {isa = PBXFileReference; explicitFileType = wrapper.cfbundle; includeInIndex = 0; path = NousUITests.xctest; sourceTree = BUILT_PRODUCTS_DIR; };
		073F17B0284D0C02004F09EB /* NousUITests.swift */ = {isa = PBXFileReference; lastKnownFileType = sourcecode.swift; path = NousUITests.swift; sourceTree = "<group>"; };
		073F17B2284D0C02004F09EB /* NousUITestsLaunchTests.swift */ = {isa = PBXFileReference; lastKnownFileType = sourcecode.swift; path = NousUITestsLaunchTests.swift; sourceTree = "<group>"; };
		073F17CA284D10E2004F09EB /* MenuItemsRepoMock.swift */ = {isa = PBXFileReference; fileEncoding = 4; lastKnownFileType = sourcecode.swift; path = MenuItemsRepoMock.swift; sourceTree = "<group>"; };
		073F17CB284D10E2004F09EB /* MenuItemsRepo.swift */ = {isa = PBXFileReference; fileEncoding = 4; lastKnownFileType = sourcecode.swift; path = MenuItemsRepo.swift; sourceTree = "<group>"; };
		073F17CC284D10E2004F09EB /* MenuItemsRepoProtocol.swift */ = {isa = PBXFileReference; fileEncoding = 4; lastKnownFileType = sourcecode.swift; path = MenuItemsRepoProtocol.swift; sourceTree = "<group>"; };
		073F17D0284D1102004F09EB /* NOUSAPPTests.swift */ = {isa = PBXFileReference; fileEncoding = 4; lastKnownFileType = sourcecode.swift; path = NOUSAPPTests.swift; sourceTree = "<group>"; };
		073F17D1284D1103004F09EB /* MenuItemsViewModelTests.swift */ = {isa = PBXFileReference; fileEncoding = 4; lastKnownFileType = sourcecode.swift; path = MenuItemsViewModelTests.swift; sourceTree = "<group>"; };
		073F17D4284D1111004F09EB /* Email.swift */ = {isa = PBXFileReference; fileEncoding = 4; lastKnownFileType = sourcecode.swift; path = Email.swift; sourceTree = "<group>"; };
		073F17D5284D1113004F09EB /* Constants.swift */ = {isa = PBXFileReference; fileEncoding = 4; lastKnownFileType = sourcecode.swift; path = Constants.swift; sourceTree = "<group>"; };
		073F17D8284D1122004F09EB /* MenuItemsViewModel.swift */ = {isa = PBXFileReference; fileEncoding = 4; lastKnownFileType = sourcecode.swift; path = MenuItemsViewModel.swift; sourceTree = "<group>"; };
		073F17DA284D112E004F09EB /* ImageLoader.swift */ = {isa = PBXFileReference; fileEncoding = 4; lastKnownFileType = sourcecode.swift; path = ImageLoader.swift; sourceTree = "<group>"; };
		073F17DB284D112F004F09EB /* MenuItemModel.swift */ = {isa = PBXFileReference; fileEncoding = 4; lastKnownFileType = sourcecode.swift; path = MenuItemModel.swift; sourceTree = "<group>"; };
		073F17E0284D1A4A004F09EB /* HomeCell.xib */ = {isa = PBXFileReference; lastKnownFileType = file.xib; path = HomeCell.xib; sourceTree = "<group>"; };
		073F17E2284D1A5B004F09EB /* HomeCell.swift */ = {isa = PBXFileReference; lastKnownFileType = sourcecode.swift; path = HomeCell.swift; sourceTree = "<group>"; };
		09E22DB22180DA95205511C4 /* Pods_Nous.framework */ = {isa = PBXFileReference; explicitFileType = wrapper.framework; includeInIndex = 0; path = Pods_Nous.framework; sourceTree = BUILT_PRODUCTS_DIR; };
		18C1711715AD98AF1DFFED98 /* Pods-Nous.debug.xcconfig */ = {isa = PBXFileReference; includeInIndex = 1; lastKnownFileType = text.xcconfig; name = "Pods-Nous.debug.xcconfig"; path = "Target Support Files/Pods-Nous/Pods-Nous.debug.xcconfig"; sourceTree = "<group>"; };
		3B5A152A72C15C4F78679158 /* Pods-NousTests.release.xcconfig */ = {isa = PBXFileReference; includeInIndex = 1; lastKnownFileType = text.xcconfig; name = "Pods-NousTests.release.xcconfig"; path = "Target Support Files/Pods-NousTests/Pods-NousTests.release.xcconfig"; sourceTree = "<group>"; };
		49477239ECDE860AB4FCC7EE /* Pods-Nous-NousUITests.debug.xcconfig */ = {isa = PBXFileReference; includeInIndex = 1; lastKnownFileType = text.xcconfig; name = "Pods-Nous-NousUITests.debug.xcconfig"; path = "Target Support Files/Pods-Nous-NousUITests/Pods-Nous-NousUITests.debug.xcconfig"; sourceTree = "<group>"; };
		ADFE29CD4548945042609973 /* Pods-NousTests.debug.xcconfig */ = {isa = PBXFileReference; includeInIndex = 1; lastKnownFileType = text.xcconfig; name = "Pods-NousTests.debug.xcconfig"; path = "Target Support Files/Pods-NousTests/Pods-NousTests.debug.xcconfig"; sourceTree = "<group>"; };
		C360AFF3C9C21D3F1969574D /* Pods-Nous.release.xcconfig */ = {isa = PBXFileReference; includeInIndex = 1; lastKnownFileType = text.xcconfig; name = "Pods-Nous.release.xcconfig"; path = "Target Support Files/Pods-Nous/Pods-Nous.release.xcconfig"; sourceTree = "<group>"; };
		EB064229A647C28A18F4F437 /* Pods_NousTests.framework */ = {isa = PBXFileReference; explicitFileType = wrapper.framework; includeInIndex = 0; path = Pods_NousTests.framework; sourceTree = BUILT_PRODUCTS_DIR; };
		F0C49B5C3D42C2BB6AD3E0C5 /* Pods-Nous-NousUITests.release.xcconfig */ = {isa = PBXFileReference; includeInIndex = 1; lastKnownFileType = text.xcconfig; name = "Pods-Nous-NousUITests.release.xcconfig"; path = "Target Support Files/Pods-Nous-NousUITests/Pods-Nous-NousUITests.release.xcconfig"; sourceTree = "<group>"; };
		FDF0FB7C7E98D407CB79ED7B /* Pods_Nous_NousUITests.framework */ = {isa = PBXFileReference; explicitFileType = wrapper.framework; includeInIndex = 0; path = Pods_Nous_NousUITests.framework; sourceTree = BUILT_PRODUCTS_DIR; };
/* End PBXFileReference section */

/* Begin PBXFrameworksBuildPhase section */
		073F1789284D0C00004F09EB /* Frameworks */ = {
			isa = PBXFrameworksBuildPhase;
			buildActionMask = 2147483647;
			files = (
				6B4CE00CF5CFC50911D599FB /* Pods_Nous.framework in Frameworks */,
			);
			runOnlyForDeploymentPostprocessing = 0;
		};
		073F179F284D0C02004F09EB /* Frameworks */ = {
			isa = PBXFrameworksBuildPhase;
			buildActionMask = 2147483647;
			files = (
				E601E56B7950978DDD8D0148 /* Pods_NousTests.framework in Frameworks */,
			);
			runOnlyForDeploymentPostprocessing = 0;
		};
		073F17A9284D0C02004F09EB /* Frameworks */ = {
			isa = PBXFrameworksBuildPhase;
			buildActionMask = 2147483647;
			files = (
				C6BA4F92B2FD54A54BCAFB91 /* Pods_Nous_NousUITests.framework in Frameworks */,
			);
			runOnlyForDeploymentPostprocessing = 0;
		};
/* End PBXFrameworksBuildPhase section */

/* Begin PBXGroup section */
		073F1783284D0C00004F09EB = {
			isa = PBXGroup;
			children = (
				073F178E284D0C00004F09EB /* Nous */,
				073F17A5284D0C02004F09EB /* NousTests */,
				073F17AF284D0C02004F09EB /* NousUITests */,
				073F178D284D0C00004F09EB /* Products */,
				D7980DA3996A29DE73B3BD91 /* Pods */,
				AF4F216A9E793945159396D2 /* Frameworks */,
			);
			sourceTree = "<group>";
		};
		073F178D284D0C00004F09EB /* Products */ = {
			isa = PBXGroup;
			children = (
				073F178C284D0C00004F09EB /* Nous.app */,
				073F17A2284D0C02004F09EB /* NousTests.xctest */,
				073F17AC284D0C02004F09EB /* NousUITests.xctest */,
			);
			name = Products;
			sourceTree = "<group>";
		};
		073F178E284D0C00004F09EB /* Nous */ = {
			isa = PBXGroup;
			children = (
				073F17C9284D10E2004F09EB /* MenuItemsRepo */,
				073F178F284D0C00004F09EB /* AppDelegate.swift */,
				073F1791284D0C00004F09EB /* SceneDelegate.swift */,
				073F17DA284D112E004F09EB /* ImageLoader.swift */,
				073F17DB284D112F004F09EB /* MenuItemModel.swift */,
				073F17D8284D1122004F09EB /* MenuItemsViewModel.swift */,
				073F17D5284D1113004F09EB /* Constants.swift */,
				073F17D4284D1111004F09EB /* Email.swift */,
				073F17DE284D1A1B004F09EB /* Home */,
				073F1795284D0C00004F09EB /* Main.storyboard */,
				073F1798284D0C02004F09EB /* Assets.xcassets */,
				073F179A284D0C02004F09EB /* LaunchScreen.storyboard */,
				073F179D284D0C02004F09EB /* Info.plist */,
			);
			path = Nous;
			sourceTree = "<group>";
		};
		073F17A5284D0C02004F09EB /* NousTests */ = {
			isa = PBXGroup;
			children = (
				073F17D1284D1103004F09EB /* MenuItemsViewModelTests.swift */,
				073F17D0284D1102004F09EB /* NOUSAPPTests.swift */,
				073F17A6284D0C02004F09EB /* NousTests.swift */,
			);
			path = NousTests;
			sourceTree = "<group>";
		};
		073F17AF284D0C02004F09EB /* NousUITests */ = {
			isa = PBXGroup;
			children = (
				073F17B0284D0C02004F09EB /* NousUITests.swift */,
				073F17B2284D0C02004F09EB /* NousUITestsLaunchTests.swift */,
			);
			path = NousUITests;
			sourceTree = "<group>";
		};
		073F17C9284D10E2004F09EB /* MenuItemsRepo */ = {
			isa = PBXGroup;
			children = (
				073F17CA284D10E2004F09EB /* MenuItemsRepoMock.swift */,
				073F17CB284D10E2004F09EB /* MenuItemsRepo.swift */,
				073F17CC284D10E2004F09EB /* MenuItemsRepoProtocol.swift */,
			);
			path = MenuItemsRepo;
			sourceTree = "<group>";
		};
		073F17DE284D1A1B004F09EB /* Home */ = {
			isa = PBXGroup;
			children = (
				073F17DF284D1A25004F09EB /* HomeCell */,
				073F1793284D0C00004F09EB /* ViewController.swift */,
			);
			path = Home;
			sourceTree = "<group>";
		};
		073F17DF284D1A25004F09EB /* HomeCell */ = {
			isa = PBXGroup;
			children = (
				073F17E0284D1A4A004F09EB /* HomeCell.xib */,
				073F17E2284D1A5B004F09EB /* HomeCell.swift */,
			);
			path = HomeCell;
			sourceTree = "<group>";
		};
		AF4F216A9E793945159396D2 /* Frameworks */ = {
			isa = PBXGroup;
			children = (
				09E22DB22180DA95205511C4 /* Pods_Nous.framework */,
				FDF0FB7C7E98D407CB79ED7B /* Pods_Nous_NousUITests.framework */,
				EB064229A647C28A18F4F437 /* Pods_NousTests.framework */,
			);
			name = Frameworks;
			sourceTree = "<group>";
		};
		D7980DA3996A29DE73B3BD91 /* Pods */ = {
			isa = PBXGroup;
			children = (
				18C1711715AD98AF1DFFED98 /* Pods-Nous.debug.xcconfig */,
				C360AFF3C9C21D3F1969574D /* Pods-Nous.release.xcconfig */,
				49477239ECDE860AB4FCC7EE /* Pods-Nous-NousUITests.debug.xcconfig */,
				F0C49B5C3D42C2BB6AD3E0C5 /* Pods-Nous-NousUITests.release.xcconfig */,
				ADFE29CD4548945042609973 /* Pods-NousTests.debug.xcconfig */,
				3B5A152A72C15C4F78679158 /* Pods-NousTests.release.xcconfig */,
			);
			path = Pods;
			sourceTree = "<group>";
		};
/* End PBXGroup section */

/* Begin PBXNativeTarget section */
		073F178B284D0C00004F09EB /* Nous */ = {
			isa = PBXNativeTarget;
			buildConfigurationList = 073F17B6284D0C02004F09EB /* Build configuration list for PBXNativeTarget "Nous" */;
			buildPhases = (
				8481839F763EBA5D955470F3 /* [CP] Check Pods Manifest.lock */,
				073F1788284D0C00004F09EB /* Sources */,
				073F1789284D0C00004F09EB /* Frameworks */,
				073F178A284D0C00004F09EB /* Resources */,
				8DC2605D3A9EFEACC3909DAD /* [CP] Embed Pods Frameworks */,
			);
			buildRules = (
			);
			dependencies = (
			);
			name = Nous;
			productName = Nous;
			productReference = 073F178C284D0C00004F09EB /* Nous.app */;
			productType = "com.apple.product-type.application";
		};
		073F17A1284D0C02004F09EB /* NousTests */ = {
			isa = PBXNativeTarget;
			buildConfigurationList = 073F17B9284D0C02004F09EB /* Build configuration list for PBXNativeTarget "NousTests" */;
			buildPhases = (
				3C6F6D1B3AF86BD80FDB4A7A /* [CP] Check Pods Manifest.lock */,
				073F179E284D0C02004F09EB /* Sources */,
				073F179F284D0C02004F09EB /* Frameworks */,
				073F17A0284D0C02004F09EB /* Resources */,
			);
			buildRules = (
			);
			dependencies = (
				073F17A4284D0C02004F09EB /* PBXTargetDependency */,
			);
			name = NousTests;
			productName = NousTests;
			productReference = 073F17A2284D0C02004F09EB /* NousTests.xctest */;
			productType = "com.apple.product-type.bundle.unit-test";
		};
		073F17AB284D0C02004F09EB /* NousUITests */ = {
			isa = PBXNativeTarget;
			buildConfigurationList = 073F17BC284D0C02004F09EB /* Build configuration list for PBXNativeTarget "NousUITests" */;
			buildPhases = (
				9C5E1162F7CF23DF45D98A2E /* [CP] Check Pods Manifest.lock */,
				073F17A8284D0C02004F09EB /* Sources */,
				073F17A9284D0C02004F09EB /* Frameworks */,
				073F17AA284D0C02004F09EB /* Resources */,
				15DCB1A9D8A01C251A398F9A /* [CP] Embed Pods Frameworks */,
			);
			buildRules = (
			);
			dependencies = (
				073F17AE284D0C02004F09EB /* PBXTargetDependency */,
			);
			name = NousUITests;
			productName = NousUITests;
			productReference = 073F17AC284D0C02004F09EB /* NousUITests.xctest */;
			productType = "com.apple.product-type.bundle.ui-testing";
		};
/* End PBXNativeTarget section */

/* Begin PBXProject section */
		073F1784284D0C00004F09EB /* Project object */ = {
			isa = PBXProject;
			attributes = {
				BuildIndependentTargetsInParallel = 1;
				LastSwiftUpdateCheck = 1310;
				LastUpgradeCheck = 1310;
				TargetAttributes = {
					073F178B284D0C00004F09EB = {
						CreatedOnToolsVersion = 13.1;
					};
					073F17A1284D0C02004F09EB = {
						CreatedOnToolsVersion = 13.1;
						TestTargetID = 073F178B284D0C00004F09EB;
					};
					073F17AB284D0C02004F09EB = {
						CreatedOnToolsVersion = 13.1;
						TestTargetID = 073F178B284D0C00004F09EB;
					};
				};
			};
			buildConfigurationList = 073F1787284D0C00004F09EB /* Build configuration list for PBXProject "Nous" */;
			compatibilityVersion = "Xcode 13.0";
			developmentRegion = en;
			hasScannedForEncodings = 0;
			knownRegions = (
				en,
				Base,
			);
			mainGroup = 073F1783284D0C00004F09EB;
			productRefGroup = 073F178D284D0C00004F09EB /* Products */;
			projectDirPath = "";
			projectRoot = "";
			targets = (
				073F178B284D0C00004F09EB /* Nous */,
				073F17A1284D0C02004F09EB /* NousTests */,
				073F17AB284D0C02004F09EB /* NousUITests */,
			);
		};
/* End PBXProject section */

/* Begin PBXResourcesBuildPhase section */
		073F178A284D0C00004F09EB /* Resources */ = {
			isa = PBXResourcesBuildPhase;
			buildActionMask = 2147483647;
			files = (
				073F179C284D0C02004F09EB /* LaunchScreen.storyboard in Resources */,
				073F1799284D0C02004F09EB /* Assets.xcassets in Resources */,
				073F17E1284D1A4A004F09EB /* HomeCell.xib in Resources */,
				073F1797284D0C00004F09EB /* Main.storyboard in Resources */,
			);
			runOnlyForDeploymentPostprocessing = 0;
		};
		073F17A0284D0C02004F09EB /* Resources */ = {
			isa = PBXResourcesBuildPhase;
			buildActionMask = 2147483647;
			files = (
			);
			runOnlyForDeploymentPostprocessing = 0;
		};
		073F17AA284D0C02004F09EB /* Resources */ = {
			isa = PBXResourcesBuildPhase;
			buildActionMask = 2147483647;
			files = (
			);
			runOnlyForDeploymentPostprocessing = 0;
		};
/* End PBXResourcesBuildPhase section */

/* Begin PBXShellScriptBuildPhase section */
		15DCB1A9D8A01C251A398F9A /* [CP] Embed Pods Frameworks */ = {
			isa = PBXShellScriptBuildPhase;
			buildActionMask = 2147483647;
			files = (
			);
			inputFileListPaths = (
				"${PODS_ROOT}/Target Support Files/Pods-Nous-NousUITests/Pods-Nous-NousUITests-frameworks-${CONFIGURATION}-input-files.xcfilelist",
			);
			name = "[CP] Embed Pods Frameworks";
			outputFileListPaths = (
				"${PODS_ROOT}/Target Support Files/Pods-Nous-NousUITests/Pods-Nous-NousUITests-frameworks-${CONFIGURATION}-output-files.xcfilelist",
			);
			runOnlyForDeploymentPostprocessing = 0;
			shellPath = /bin/sh;
			shellScript = "\"${PODS_ROOT}/Target Support Files/Pods-Nous-NousUITests/Pods-Nous-NousUITests-frameworks.sh\"\n";
			showEnvVarsInLog = 0;
		};
		3C6F6D1B3AF86BD80FDB4A7A /* [CP] Check Pods Manifest.lock */ = {
			isa = PBXShellScriptBuildPhase;
			buildActionMask = 2147483647;
			files = (
			);
			inputFileListPaths = (
			);
			inputPaths = (
				"${PODS_PODFILE_DIR_PATH}/Podfile.lock",
				"${PODS_ROOT}/Manifest.lock",
			);
			name = "[CP] Check Pods Manifest.lock";
			outputFileListPaths = (
			);
			outputPaths = (
				"$(DERIVED_FILE_DIR)/Pods-NousTests-checkManifestLockResult.txt",
			);
			runOnlyForDeploymentPostprocessing = 0;
			shellPath = /bin/sh;
			shellScript = "diff \"${PODS_PODFILE_DIR_PATH}/Podfile.lock\" \"${PODS_ROOT}/Manifest.lock\" > /dev/null\nif [ $? != 0 ] ; then\n    # print error to STDERR\n    echo \"error: The sandbox is not in sync with the Podfile.lock. Run 'pod install' or update your CocoaPods installation.\" >&2\n    exit 1\nfi\n# This output is used by Xcode 'outputs' to avoid re-running this script phase.\necho \"SUCCESS\" > \"${SCRIPT_OUTPUT_FILE_0}\"\n";
			showEnvVarsInLog = 0;
		};
		8481839F763EBA5D955470F3 /* [CP] Check Pods Manifest.lock */ = {
			isa = PBXShellScriptBuildPhase;
			buildActionMask = 2147483647;
			files = (
			);
			inputFileListPaths = (
			);
			inputPaths = (
				"${PODS_PODFILE_DIR_PATH}/Podfile.lock",
				"${PODS_ROOT}/Manifest.lock",
			);
			name = "[CP] Check Pods Manifest.lock";
			outputFileListPaths = (
			);
			outputPaths = (
				"$(DERIVED_FILE_DIR)/Pods-Nous-checkManifestLockResult.txt",
			);
			runOnlyForDeploymentPostprocessing = 0;
			shellPath = /bin/sh;
			shellScript = "diff \"${PODS_PODFILE_DIR_PATH}/Podfile.lock\" \"${PODS_ROOT}/Manifest.lock\" > /dev/null\nif [ $? != 0 ] ; then\n    # print error to STDERR\n    echo \"error: The sandbox is not in sync with the Podfile.lock. Run 'pod install' or update your CocoaPods installation.\" >&2\n    exit 1\nfi\n# This output is used by Xcode 'outputs' to avoid re-running this script phase.\necho \"SUCCESS\" > \"${SCRIPT_OUTPUT_FILE_0}\"\n";
			showEnvVarsInLog = 0;
		};
		8DC2605D3A9EFEACC3909DAD /* [CP] Embed Pods Frameworks */ = {
			isa = PBXShellScriptBuildPhase;
			buildActionMask = 2147483647;
			files = (
			);
			inputFileListPaths = (
				"${PODS_ROOT}/Target Support Files/Pods-Nous/Pods-Nous-frameworks-${CONFIGURATION}-input-files.xcfilelist",
			);
			name = "[CP] Embed Pods Frameworks";
			outputFileListPaths = (
				"${PODS_ROOT}/Target Support Files/Pods-Nous/Pods-Nous-frameworks-${CONFIGURATION}-output-files.xcfilelist",
			);
			runOnlyForDeploymentPostprocessing = 0;
			shellPath = /bin/sh;
			shellScript = "\"${PODS_ROOT}/Target Support Files/Pods-Nous/Pods-Nous-frameworks.sh\"\n";
			showEnvVarsInLog = 0;
		};
		9C5E1162F7CF23DF45D98A2E /* [CP] Check Pods Manifest.lock */ = {
			isa = PBXShellScriptBuildPhase;
			buildActionMask = 2147483647;
			files = (
			);
			inputFileListPaths = (
			);
			inputPaths = (
				"${PODS_PODFILE_DIR_PATH}/Podfile.lock",
				"${PODS_ROOT}/Manifest.lock",
			);
			name = "[CP] Check Pods Manifest.lock";
			outputFileListPaths = (
			);
			outputPaths = (
				"$(DERIVED_FILE_DIR)/Pods-Nous-NousUITests-checkManifestLockResult.txt",
			);
			runOnlyForDeploymentPostprocessing = 0;
			shellPath = /bin/sh;
			shellScript = "diff \"${PODS_PODFILE_DIR_PATH}/Podfile.lock\" \"${PODS_ROOT}/Manifest.lock\" > /dev/null\nif [ $? != 0 ] ; then\n    # print error to STDERR\n    echo \"error: The sandbox is not in sync with the Podfile.lock. Run 'pod install' or update your CocoaPods installation.\" >&2\n    exit 1\nfi\n# This output is used by Xcode 'outputs' to avoid re-running this script phase.\necho \"SUCCESS\" > \"${SCRIPT_OUTPUT_FILE_0}\"\n";
			showEnvVarsInLog = 0;
		};
/* End PBXShellScriptBuildPhase section */

/* Begin PBXSourcesBuildPhase section */
		073F1788284D0C00004F09EB /* Sources */ = {
			isa = PBXSourcesBuildPhase;
			buildActionMask = 2147483647;
			files = (
				073F17CE284D10E2004F09EB /* MenuItemsRepo.swift in Sources */,
				073F17D6284D1113004F09EB /* Email.swift in Sources */,
				073F17DC284D112F004F09EB /* ImageLoader.swift in Sources */,
				073F1794284D0C00004F09EB /* ViewController.swift in Sources */,
				073F17DD284D112F004F09EB /* MenuItemModel.swift in Sources */,
				073F17CD284D10E2004F09EB /* MenuItemsRepoMock.swift in Sources */,
				073F17D9284D1122004F09EB /* MenuItemsViewModel.swift in Sources */,
				073F17CF284D10E2004F09EB /* MenuItemsRepoProtocol.swift in Sources */,
				073F1790284D0C00004F09EB /* AppDelegate.swift in Sources */,
				073F1792284D0C00004F09EB /* SceneDelegate.swift in Sources */,
				073F17E3284D1A5B004F09EB /* HomeCell.swift in Sources */,
				073F17D7284D1113004F09EB /* Constants.swift in Sources */,
			);
			runOnlyForDeploymentPostprocessing = 0;
		};
		073F179E284D0C02004F09EB /* Sources */ = {
			isa = PBXSourcesBuildPhase;
			buildActionMask = 2147483647;
			files = (
				073F17D3284D1103004F09EB /* MenuItemsViewModelTests.swift in Sources */,
				073F17D2284D1103004F09EB /* NOUSAPPTests.swift in Sources */,
				073F17A7284D0C02004F09EB /* NousTests.swift in Sources */,
			);
			runOnlyForDeploymentPostprocessing = 0;
		};
		073F17A8284D0C02004F09EB /* Sources */ = {
			isa = PBXSourcesBuildPhase;
			buildActionMask = 2147483647;
			files = (
				073F17B1284D0C02004F09EB /* NousUITests.swift in Sources */,
				073F17B3284D0C02004F09EB /* NousUITestsLaunchTests.swift in Sources */,
			);
			runOnlyForDeploymentPostprocessing = 0;
		};
/* End PBXSourcesBuildPhase section */

/* Begin PBXTargetDependency section */
		073F17A4284D0C02004F09EB /* PBXTargetDependency */ = {
			isa = PBXTargetDependency;
			target = 073F178B284D0C00004F09EB /* Nous */;
			targetProxy = 073F17A3284D0C02004F09EB /* PBXContainerItemProxy */;
		};
		073F17AE284D0C02004F09EB /* PBXTargetDependency */ = {
			isa = PBXTargetDependency;
			target = 073F178B284D0C00004F09EB /* Nous */;
			targetProxy = 073F17AD284D0C02004F09EB /* PBXContainerItemProxy */;
		};
/* End PBXTargetDependency section */

/* Begin PBXVariantGroup section */
		073F1795284D0C00004F09EB /* Main.storyboard */ = {
			isa = PBXVariantGroup;
			children = (
				073F1796284D0C00004F09EB /* Base */,
			);
			name = Main.storyboard;
			sourceTree = "<group>";
		};
		073F179A284D0C02004F09EB /* LaunchScreen.storyboard */ = {
			isa = PBXVariantGroup;
			children = (
				073F179B284D0C02004F09EB /* Base */,
			);
			name = LaunchScreen.storyboard;
			sourceTree = "<group>";
		};
/* End PBXVariantGroup section */

/* Begin XCBuildConfiguration section */
		073F17B4284D0C02004F09EB /* Debug */ = {
			isa = XCBuildConfiguration;
			buildSettings = {
				ALWAYS_SEARCH_USER_PATHS = NO;
				CLANG_ANALYZER_NONNULL = YES;
				CLANG_ANALYZER_NUMBER_OBJECT_CONVERSION = YES_AGGRESSIVE;
				CLANG_CXX_LANGUAGE_STANDARD = "gnu++17";
				CLANG_CXX_LIBRARY = "libc++";
				CLANG_ENABLE_MODULES = YES;
				CLANG_ENABLE_OBJC_ARC = YES;
				CLANG_ENABLE_OBJC_WEAK = YES;
				CLANG_WARN_BLOCK_CAPTURE_AUTORELEASING = YES;
				CLANG_WARN_BOOL_CONVERSION = YES;
				CLANG_WARN_COMMA = YES;
				CLANG_WARN_CONSTANT_CONVERSION = YES;
				CLANG_WARN_DEPRECATED_OBJC_IMPLEMENTATIONS = YES;
				CLANG_WARN_DIRECT_OBJC_ISA_USAGE = YES_ERROR;
				CLANG_WARN_DOCUMENTATION_COMMENTS = YES;
				CLANG_WARN_EMPTY_BODY = YES;
				CLANG_WARN_ENUM_CONVERSION = YES;
				CLANG_WARN_INFINITE_RECURSION = YES;
				CLANG_WARN_INT_CONVERSION = YES;
				CLANG_WARN_NON_LITERAL_NULL_CONVERSION = YES;
				CLANG_WARN_OBJC_IMPLICIT_RETAIN_SELF = YES;
				CLANG_WARN_OBJC_LITERAL_CONVERSION = YES;
				CLANG_WARN_OBJC_ROOT_CLASS = YES_ERROR;
				CLANG_WARN_QUOTED_INCLUDE_IN_FRAMEWORK_HEADER = YES;
				CLANG_WARN_RANGE_LOOP_ANALYSIS = YES;
				CLANG_WARN_STRICT_PROTOTYPES = YES;
				CLANG_WARN_SUSPICIOUS_MOVE = YES;
				CLANG_WARN_UNGUARDED_AVAILABILITY = YES_AGGRESSIVE;
				CLANG_WARN_UNREACHABLE_CODE = YES;
				CLANG_WARN__DUPLICATE_METHOD_MATCH = YES;
				COPY_PHASE_STRIP = NO;
				DEBUG_INFORMATION_FORMAT = dwarf;
				ENABLE_STRICT_OBJC_MSGSEND = YES;
				ENABLE_TESTABILITY = YES;
				GCC_C_LANGUAGE_STANDARD = gnu11;
				GCC_DYNAMIC_NO_PIC = NO;
				GCC_NO_COMMON_BLOCKS = YES;
				GCC_OPTIMIZATION_LEVEL = 0;
				GCC_PREPROCESSOR_DEFINITIONS = (
					"DEBUG=1",
					"$(inherited)",
				);
				GCC_WARN_64_TO_32_BIT_CONVERSION = YES;
				GCC_WARN_ABOUT_RETURN_TYPE = YES_ERROR;
				GCC_WARN_UNDECLARED_SELECTOR = YES;
				GCC_WARN_UNINITIALIZED_AUTOS = YES_AGGRESSIVE;
				GCC_WARN_UNUSED_FUNCTION = YES;
				GCC_WARN_UNUSED_VARIABLE = YES;
				IPHONEOS_DEPLOYMENT_TARGET = 15.0;
				MTL_ENABLE_DEBUG_INFO = INCLUDE_SOURCE;
				MTL_FAST_MATH = YES;
				ONLY_ACTIVE_ARCH = YES;
				SDKROOT = iphoneos;
				SWIFT_ACTIVE_COMPILATION_CONDITIONS = DEBUG;
				SWIFT_OPTIMIZATION_LEVEL = "-Onone";
			};
			name = Debug;
		};
		073F17B5284D0C02004F09EB /* Release */ = {
			isa = XCBuildConfiguration;
			buildSettings = {
				ALWAYS_SEARCH_USER_PATHS = NO;
				CLANG_ANALYZER_NONNULL = YES;
				CLANG_ANALYZER_NUMBER_OBJECT_CONVERSION = YES_AGGRESSIVE;
				CLANG_CXX_LANGUAGE_STANDARD = "gnu++17";
				CLANG_CXX_LIBRARY = "libc++";
				CLANG_ENABLE_MODULES = YES;
				CLANG_ENABLE_OBJC_ARC = YES;
				CLANG_ENABLE_OBJC_WEAK = YES;
				CLANG_WARN_BLOCK_CAPTURE_AUTORELEASING = YES;
				CLANG_WARN_BOOL_CONVERSION = YES;
				CLANG_WARN_COMMA = YES;
				CLANG_WARN_CONSTANT_CONVERSION = YES;
				CLANG_WARN_DEPRECATED_OBJC_IMPLEMENTATIONS = YES;
				CLANG_WARN_DIRECT_OBJC_ISA_USAGE = YES_ERROR;
				CLANG_WARN_DOCUMENTATION_COMMENTS = YES;
				CLANG_WARN_EMPTY_BODY = YES;
				CLANG_WARN_ENUM_CONVERSION = YES;
				CLANG_WARN_INFINITE_RECURSION = YES;
				CLANG_WARN_INT_CONVERSION = YES;
				CLANG_WARN_NON_LITERAL_NULL_CONVERSION = YES;
				CLANG_WARN_OBJC_IMPLICIT_RETAIN_SELF = YES;
				CLANG_WARN_OBJC_LITERAL_CONVERSION = YES;
				CLANG_WARN_OBJC_ROOT_CLASS = YES_ERROR;
				CLANG_WARN_QUOTED_INCLUDE_IN_FRAMEWORK_HEADER = YES;
				CLANG_WARN_RANGE_LOOP_ANALYSIS = YES;
				CLANG_WARN_STRICT_PROTOTYPES = YES;
				CLANG_WARN_SUSPICIOUS_MOVE = YES;
				CLANG_WARN_UNGUARDED_AVAILABILITY = YES_AGGRESSIVE;
				CLANG_WARN_UNREACHABLE_CODE = YES;
				CLANG_WARN__DUPLICATE_METHOD_MATCH = YES;
				COPY_PHASE_STRIP = NO;
				DEBUG_INFORMATION_FORMAT = "dwarf-with-dsym";
				ENABLE_NS_ASSERTIONS = NO;
				ENABLE_STRICT_OBJC_MSGSEND = YES;
				GCC_C_LANGUAGE_STANDARD = gnu11;
				GCC_NO_COMMON_BLOCKS = YES;
				GCC_WARN_64_TO_32_BIT_CONVERSION = YES;
				GCC_WARN_ABOUT_RETURN_TYPE = YES_ERROR;
				GCC_WARN_UNDECLARED_SELECTOR = YES;
				GCC_WARN_UNINITIALIZED_AUTOS = YES_AGGRESSIVE;
				GCC_WARN_UNUSED_FUNCTION = YES;
				GCC_WARN_UNUSED_VARIABLE = YES;
				IPHONEOS_DEPLOYMENT_TARGET = 15.0;
				MTL_ENABLE_DEBUG_INFO = NO;
				MTL_FAST_MATH = YES;
				SDKROOT = iphoneos;
				SWIFT_COMPILATION_MODE = wholemodule;
				SWIFT_OPTIMIZATION_LEVEL = "-O";
				VALIDATE_PRODUCT = YES;
			};
			name = Release;
		};
		073F17B7284D0C02004F09EB /* Debug */ = {
			isa = XCBuildConfiguration;
			baseConfigurationReference = 18C1711715AD98AF1DFFED98 /* Pods-Nous.debug.xcconfig */;
			buildSettings = {
				ASSETCATALOG_COMPILER_APPICON_NAME = AppIcon;
				ASSETCATALOG_COMPILER_GLOBAL_ACCENT_COLOR_NAME = AccentColor;
				CODE_SIGN_STYLE = Automatic;
				CURRENT_PROJECT_VERSION = 1;
				DEVELOPMENT_TEAM = P98RF6S5R9;
				GENERATE_INFOPLIST_FILE = YES;
				INFOPLIST_FILE = Nous/Info.plist;
				INFOPLIST_KEY_UIApplicationSupportsIndirectInputEvents = YES;
				INFOPLIST_KEY_UILaunchStoryboardName = LaunchScreen;
				INFOPLIST_KEY_UIMainStoryboardFile = Main;
				INFOPLIST_KEY_UISupportedInterfaceOrientations_iPad = "UIInterfaceOrientationPortrait UIInterfaceOrientationPortraitUpsideDown UIInterfaceOrientationLandscapeLeft UIInterfaceOrientationLandscapeRight";
				INFOPLIST_KEY_UISupportedInterfaceOrientations_iPhone = "UIInterfaceOrientationPortrait UIInterfaceOrientationLandscapeLeft UIInterfaceOrientationLandscapeRight";
				IPHONEOS_DEPLOYMENT_TARGET = 14.0;
				LD_RUNPATH_SEARCH_PATHS = (
					"$(inherited)",
					"@executable_path/Frameworks",
				);
				MARKETING_VERSION = 1.0;
				PRODUCT_BUNDLE_IDENTIFIER = com.OmarHassan.Nous;
				PRODUCT_NAME = "$(TARGET_NAME)";
				SWIFT_EMIT_LOC_STRINGS = YES;
				SWIFT_VERSION = 5.0;
				TARGETED_DEVICE_FAMILY = "1,2";
			};
			name = Debug;
		};
		073F17B8284D0C02004F09EB /* Release */ = {
			isa = XCBuildConfiguration;
			baseConfigurationReference = C360AFF3C9C21D3F1969574D /* Pods-Nous.release.xcconfig */;
			buildSettings = {
				ASSETCATALOG_COMPILER_APPICON_NAME = AppIcon;
				ASSETCATALOG_COMPILER_GLOBAL_ACCENT_COLOR_NAME = AccentColor;
				CODE_SIGN_STYLE = Automatic;
				CURRENT_PROJECT_VERSION = 1;
				DEVELOPMENT_TEAM = P98RF6S5R9;
				GENERATE_INFOPLIST_FILE = YES;
				INFOPLIST_FILE = Nous/Info.plist;
				INFOPLIST_KEY_UIApplicationSupportsIndirectInputEvents = YES;
				INFOPLIST_KEY_UILaunchStoryboardName = LaunchScreen;
				INFOPLIST_KEY_UIMainStoryboardFile = Main;
				INFOPLIST_KEY_UISupportedInterfaceOrientations_iPad = "UIInterfaceOrientationPortrait UIInterfaceOrientationPortraitUpsideDown UIInterfaceOrientationLandscapeLeft UIInterfaceOrientationLandscapeRight";
				INFOPLIST_KEY_UISupportedInterfaceOrientations_iPhone = "UIInterfaceOrientationPortrait UIInterfaceOrientationLandscapeLeft UIInterfaceOrientationLandscapeRight";
				IPHONEOS_DEPLOYMENT_TARGET = 14.0;
				LD_RUNPATH_SEARCH_PATHS = (
					"$(inherited)",
					"@executable_path/Frameworks",
				);
				MARKETING_VERSION = 1.0;
				PRODUCT_BUNDLE_IDENTIFIER = com.OmarHassan.Nous;
				PRODUCT_NAME = "$(TARGET_NAME)";
				SWIFT_EMIT_LOC_STRINGS = YES;
				SWIFT_VERSION = 5.0;
				TARGETED_DEVICE_FAMILY = "1,2";
			};
			name = Release;
		};
		073F17BA284D0C02004F09EB /* Debug */ = {
			isa = XCBuildConfiguration;
			baseConfigurationReference = ADFE29CD4548945042609973 /* Pods-NousTests.debug.xcconfig */;
			buildSettings = {
				ALWAYS_EMBED_SWIFT_STANDARD_LIBRARIES = YES;
				BUNDLE_LOADER = "$(TEST_HOST)";
				CODE_SIGN_STYLE = Automatic;
				CURRENT_PROJECT_VERSION = 1;
				DEVELOPMENT_TEAM = P98RF6S5R9;
				GENERATE_INFOPLIST_FILE = YES;
				IPHONEOS_DEPLOYMENT_TARGET = 15.0;
				LD_RUNPATH_SEARCH_PATHS = (
					"$(inherited)",
					"@executable_path/Frameworks",
					"@loader_path/Frameworks",
				);
				MARKETING_VERSION = 1.0;
				PRODUCT_BUNDLE_IDENTIFIER = com.OmarHassan.NousTests;
				PRODUCT_NAME = "$(TARGET_NAME)";
				SWIFT_EMIT_LOC_STRINGS = NO;
				SWIFT_VERSION = 5.0;
				TARGETED_DEVICE_FAMILY = "1,2";
				TEST_HOST = "$(BUILT_PRODUCTS_DIR)/Nous.app/Nous";
			};
			name = Debug;
		};
		073F17BB284D0C02004F09EB /* Release */ = {
			isa = XCBuildConfiguration;
			baseConfigurationReference = 3B5A152A72C15C4F78679158 /* Pods-NousTests.release.xcconfig */;
			buildSettings = {
				ALWAYS_EMBED_SWIFT_STANDARD_LIBRARIES = YES;
				BUNDLE_LOADER = "$(TEST_HOST)";
				CODE_SIGN_STYLE = Automatic;
				CURRENT_PROJECT_VERSION = 1;
				DEVELOPMENT_TEAM = P98RF6S5R9;
				GENERATE_INFOPLIST_FILE = YES;
				IPHONEOS_DEPLOYMENT_TARGET = 15.0;
				LD_RUNPATH_SEARCH_PATHS = (
					"$(inherited)",
					"@executable_path/Frameworks",
					"@loader_path/Frameworks",
				);
				MARKETING_VERSION = 1.0;
				PRODUCT_BUNDLE_IDENTIFIER = com.OmarHassan.NousTests;
				PRODUCT_NAME = "$(TARGET_NAME)";
				SWIFT_EMIT_LOC_STRINGS = NO;
				SWIFT_VERSION = 5.0;
				TARGETED_DEVICE_FAMILY = "1,2";
				TEST_HOST = "$(BUILT_PRODUCTS_DIR)/Nous.app/Nous";
			};
			name = Release;
		};
		073F17BD284D0C02004F09EB /* Debug */ = {
			isa = XCBuildConfiguration;
			baseConfigurationReference = 49477239ECDE860AB4FCC7EE /* Pods-Nous-NousUITests.debug.xcconfig */;
			buildSettings = {
				ALWAYS_EMBED_SWIFT_STANDARD_LIBRARIES = YES;
				CODE_SIGN_STYLE = Automatic;
				CURRENT_PROJECT_VERSION = 1;
				DEVELOPMENT_TEAM = P98RF6S5R9;
				GENERATE_INFOPLIST_FILE = YES;
				LD_RUNPATH_SEARCH_PATHS = (
					"$(inherited)",
					"@executable_path/Frameworks",
					"@loader_path/Frameworks",
				);
				MARKETING_VERSION = 1.0;
				PRODUCT_BUNDLE_IDENTIFIER = com.OmarHassan.NousUITests;
				PRODUCT_NAME = "$(TARGET_NAME)";
				SWIFT_EMIT_LOC_STRINGS = NO;
				SWIFT_VERSION = 5.0;
				TARGETED_DEVICE_FAMILY = "1,2";
				TEST_TARGET_NAME = Nous;
			};
			name = Debug;
		};
		073F17BE284D0C02004F09EB /* Release */ = {
			isa = XCBuildConfiguration;
			baseConfigurationReference = F0C49B5C3D42C2BB6AD3E0C5 /* Pods-Nous-NousUITests.release.xcconfig */;
			buildSettings = {
				ALWAYS_EMBED_SWIFT_STANDARD_LIBRARIES = YES;
				CODE_SIGN_STYLE = Automatic;
				CURRENT_PROJECT_VERSION = 1;
				DEVELOPMENT_TEAM = P98RF6S5R9;
				GENERATE_INFOPLIST_FILE = YES;
				LD_RUNPATH_SEARCH_PATHS = (
					"$(inherited)",
					"@executable_path/Frameworks",
					"@loader_path/Frameworks",
				);
				MARKETING_VERSION = 1.0;
				PRODUCT_BUNDLE_IDENTIFIER = com.OmarHassan.NousUITests;
				PRODUCT_NAME = "$(TARGET_NAME)";
				SWIFT_EMIT_LOC_STRINGS = NO;
				SWIFT_VERSION = 5.0;
				TARGETED_DEVICE_FAMILY = "1,2";
				TEST_TARGET_NAME = Nous;
			};
			name = Release;
		};
/* End XCBuildConfiguration section */

/* Begin XCConfigurationList section */
		073F1787284D0C00004F09EB /* Build configuration list for PBXProject "Nous" */ = {
			isa = XCConfigurationList;
			buildConfigurations = (
				073F17B4284D0C02004F09EB /* Debug */,
				073F17B5284D0C02004F09EB /* Release */,
			);
			defaultConfigurationIsVisible = 0;
			defaultConfigurationName = Release;
		};
		073F17B6284D0C02004F09EB /* Build configuration list for PBXNativeTarget "Nous" */ = {
			isa = XCConfigurationList;
			buildConfigurations = (
				073F17B7284D0C02004F09EB /* Debug */,
				073F17B8284D0C02004F09EB /* Release */,
			);
			defaultConfigurationIsVisible = 0;
			defaultConfigurationName = Release;
		};
		073F17B9284D0C02004F09EB /* Build configuration list for PBXNativeTarget "NousTests" */ = {
			isa = XCConfigurationList;
			buildConfigurations = (
				073F17BA284D0C02004F09EB /* Debug */,
				073F17BB284D0C02004F09EB /* Release */,
			);
			defaultConfigurationIsVisible = 0;
			defaultConfigurationName = Release;
		};
		073F17BC284D0C02004F09EB /* Build configuration list for PBXNativeTarget "NousUITests" */ = {
			isa = XCConfigurationList;
			buildConfigurations = (
				073F17BD284D0C02004F09EB /* Debug */,
				073F17BE284D0C02004F09EB /* Release */,
			);
			defaultConfigurationIsVisible = 0;
			defaultConfigurationName = Release;
		};
/* End XCConfigurationList section */
	};
	rootObject = 073F1784284D0C00004F09EB /* Project object */;
}
